
Microsoft Visual Studio Solution File, Format Version 12.00
# Visual Studio Version 17
VisualStudioVersion = 17.0.31521.260
MinimumVisualStudioVersion = 10.0.40219.1
Project("{FAE04EC0-301F-11D3-BF4B-00C04F79EFBC}") = "SerializeJson", "SerializeJson\SerializeJson.csproj", "{120A8A07-D3C7-4468-A6C4-9BD1BE816FFD}"
EndProject
Global
	GlobalSection(SolutionConfigurationPlatforms) = preSolution
		Debug|Any CPU = Debug|Any CPU
		Release|Any CPU = Release|Any CPU
	EndGlobalSection
	GlobalSection(ProjectConfigurationPlatforms) = postSolution
		{120A8A07-D3C7-4468-A6C4-9BD1BE816FFD}.Debug|Any CPU.ActiveCfg = Debug|Any CPU
		{120A8A07-D3C7-4468-A6C4-9BD1BE816FFD}.Debug|Any CPU.Build.0 = Debug|Any CPU
		{120A8A07-D3C7-4468-A6C4-9BD1BE816FFD}.Release|Any CPU.ActiveCfg = Release|Any CPU
		{120A8A07-D3C7-4468-A6C4-9BD1BE816FFD}.Release|Any CPU.Build.0 = Release|Any CPU
	EndGlobalSection
	GlobalSection(SolutionProperties) = preSolution
		HideSolutionNode = FALSE
	EndGlobalSection
	GlobalSection(ExtensibilityGlobals) = postSolution
		SolutionGuid = {8AB32ED1-8B0A-42BE-A677-C939358E4249}
	EndGlobalSection
EndGlobal
